
Microsoft Visual Studio Solution File, Format Version 12.00
# Visual Studio Version 17
VisualStudioVersion = 17.1.32228.430
MinimumVisualStudioVersion = 10.0.40219.1
Project("{9A19103F-16F7-4668-BE54-9A1E7A4F7556}") = "openencoder", "openencoder.csproj", "{92998F8B-045B-4BFD-8BE8-4C9845B8A4D2}"
EndProject
Project("{E53339B2-1760-4266-BCC7-CA923CBCF16C}") = "docker-compose", "docker-compose.dcproj", "{7B6F6EEA-AB04-438E-BE2D-B45D3E10B04F}"
EndProject
Global
	GlobalSection(SolutionConfigurationPlatforms) = preSolution
		Debug|Any CPU = Debug|Any CPU
		Release|Any CPU = Release|Any CPU
	EndGlobalSection
	GlobalSection(ProjectConfigurationPlatforms) = postSolution
		{92998F8B-045B-4BFD-8BE8-4C9845B8A4D2}.Debug|Any CPU.ActiveCfg = Debug|Any CPU
		{92998F8B-045B-4BFD-8BE8-4C9845B8A4D2}.Debug|Any CPU.Build.0 = Debug|Any CPU
		{92998F8B-045B-4BFD-8BE8-4C9845B8A4D2}.Release|Any CPU.ActiveCfg = Release|Any CPU
		{92998F8B-045B-4BFD-8BE8-4C9845B8A4D2}.Release|Any CPU.Build.0 = Release|Any CPU
		{7B6F6EEA-AB04-438E-BE2D-B45D3E10B04F}.Debug|Any CPU.ActiveCfg = Debug|Any CPU
		{7B6F6EEA-AB04-438E-BE2D-B45D3E10B04F}.Debug|Any CPU.Build.0 = Debug|Any CPU
		{7B6F6EEA-AB04-438E-BE2D-B45D3E10B04F}.Release|Any CPU.ActiveCfg = Release|Any CPU
		{7B6F6EEA-AB04-438E-BE2D-B45D3E10B04F}.Release|Any CPU.Build.0 = Release|Any CPU
	EndGlobalSection
	GlobalSection(SolutionProperties) = preSolution
		HideSolutionNode = FALSE
	EndGlobalSection
	GlobalSection(ExtensibilityGlobals) = postSolution
		SolutionGuid = {DD5627CA-1C35-4B45-94C2-2CBA299859DF}
	EndGlobalSection
EndGlobal
